{
  "name": "pescarte",
  "version": "0.1.0",
  "lockfileVersion": 2,
  "requires": true,
  "packages": {
    "": {
      "name": "pescarte",
      "version": "0.1.0",
      "license": "BSD-3-Clause",
      "dependencies": {
        "inputmask": "^5.0.7"
      }
    },
    "node_modules/inputmask": {
      "version": "5.0.7",
      "resolved": "https://registry.npmjs.org/inputmask/-/inputmask-5.0.7.tgz",
      "integrity": "sha512-rUxbRDS25KEib+c/Ow+K01oprU/+EK9t9SOPC8ov94/ftULGDqj1zOgRU/Hko6uzoKRMdwCfuhAafJ/Wk2wffQ=="
    }
  },
  "dependencies": {
    "inputmask": {
      "version": "5.0.7",
      "resolved": "https://registry.npmjs.org/inputmask/-/inputmask-5.0.7.tgz",
      "integrity": "sha512-rUxbRDS25KEib+c/Ow+K01oprU/+EK9t9SOPC8ov94/ftULGDqj1zOgRU/Hko6uzoKRMdwCfuhAafJ/Wk2wffQ=="
    }
  }
}
