# THIS IS AN AUTOGENERATED FILE. DO NOT EDIT THIS FILE DIRECTLY.
# yarn lockfile v1


inputmask@^5.0.7:
  version "5.0.7"
  resolved "https://registry.yarnpkg.com/inputmask/-/inputmask-5.0.7.tgz#b04d5d4e1c85018893c3c8edb1a9f074b051007f"
  integrity sha512-rUxbRDS25KEib+c/Ow+K01oprU/+EK9t9SOPC8ov94/ftULGDqj1zOgRU/Hko6uzoKRMdwCfuhAafJ/Wk2wffQ==
